
Microsoft Visual Studio Solution File, Format Version 12.00
# Visual Studio Version 17
VisualStudioVersion = 17.6.33829.357
MinimumVisualStudioVersion = 10.0.40219.1
Project("{F184B08F-C81C-45F6-A57F-5ABD9991F28F}") = "Holocron", "Holocron\Holocron.vbproj", "{EEE83A13-EABF-4552-8E43-9EF0730130DC}"
EndProject
Global
	GlobalSection(SolutionConfigurationPlatforms) = preSolution
		Debug|Any CPU = Debug|Any CPU
		Release|Any CPU = Release|Any CPU
	EndGlobalSection
	GlobalSection(ProjectConfigurationPlatforms) = postSolution
		{EEE83A13-EABF-4552-8E43-9EF0730130DC}.Debug|Any CPU.ActiveCfg = Debug|Any CPU
		{EEE83A13-EABF-4552-8E43-9EF0730130DC}.Debug|Any CPU.Build.0 = Debug|Any CPU
		{EEE83A13-EABF-4552-8E43-9EF0730130DC}.Release|Any CPU.ActiveCfg = Release|Any CPU
		{EEE83A13-EABF-4552-8E43-9EF0730130DC}.Release|Any CPU.Build.0 = Release|Any CPU
	EndGlobalSection
	GlobalSection(SolutionProperties) = preSolution
		HideSolutionNode = FALSE
	EndGlobalSection
	GlobalSection(ExtensibilityGlobals) = postSolution
		SolutionGuid = {671CD1DC-98D9-4FC5-B8C7-999DE47F7F13}
	EndGlobalSection
EndGlobal
